
Microsoft Visual Studio Solution File, Format Version 12.00
# Visual Studio Version 17
VisualStudioVersion = 17.0.31717.71
MinimumVisualStudioVersion = 10.0.40219.1
Project("{8BC9CEB8-8B4A-11D0-8D11-00A0C91BC942}") = "mhynot2-rewritten", "mhynot2-rewritten\mhynot2-rewritten.vcxproj", "{7F520BDD-E9C5-4968-AC36-DCF599065F48}"
EndProject
Global
	GlobalSection(SolutionConfigurationPlatforms) = preSolution
		Debug|x64 = Debug|x64
		Debug|x86 = Debug|x86
		Release|x64 = Release|x64
		Release|x86 = Release|x86
	EndGlobalSection
	GlobalSection(ProjectConfigurationPlatforms) = postSolution
		{7F520BDD-E9C5-4968-AC36-DCF599065F48}.Debug|x64.ActiveCfg = Debug|x64
		{7F520BDD-E9C5-4968-AC36-DCF599065F48}.Debug|x64.Build.0 = Debug|x64
		{7F520BDD-E9C5-4968-AC36-DCF599065F48}.Debug|x86.ActiveCfg = Debug|Win32
		{7F520BDD-E9C5-4968-AC36-DCF599065F48}.Debug|x86.Build.0 = Debug|Win32
		{7F520BDD-E9C5-4968-AC36-DCF599065F48}.Release|x64.ActiveCfg = Release|x64
		{7F520BDD-E9C5-4968-AC36-DCF599065F48}.Release|x64.Build.0 = Release|x64
		{7F520BDD-E9C5-4968-AC36-DCF599065F48}.Release|x86.ActiveCfg = Release|Win32
		{7F520BDD-E9C5-4968-AC36-DCF599065F48}.Release|x86.Build.0 = Release|Win32
	EndGlobalSection
	GlobalSection(SolutionProperties) = preSolution
		HideSolutionNode = FALSE
	EndGlobalSection
	GlobalSection(ExtensibilityGlobals) = postSolution
		SolutionGuid = {BF7BD334-04FC-4B31-8C6A-B1D76A593316}
	EndGlobalSection
EndGlobal
